{
  "pins" : [
    {
      "identity" : "adjust_signature_sdk",
      "kind" : "remoteSourceControl",
      "location" : "https://github.com/adjust/adjust_signature_sdk.git",
      "state" : {
        "revision" : "a84f08b41f7e38624815816f6e93cadc9ea22a92",
        "version" : "3.47.0"
      }
    },
    {
      "identity" : "ios_sdk",
      "kind" : "remoteSourceControl",
      "location" : "https://github.com/adjust/ios_sdk.git",
      "state" : {
        "revision" : "c419718364e9f360c602a17a64b91c591f33fe6a",
        "version" : "5.0.1"
      }
    },
    {
      "identity" : "tapp-ios",
      "kind" : "remoteSourceControl",
      "location" : "https://github.com/tapp-so/Tapp-iOS.git",
      "state" : {
        "revision" : "f98cf4ac3f67c9fbf1058b1076d1a71b82b2a004",
        "version" : "1.0.98"
      }
    },
    {
      "identity" : "tapp-networking-ios",
      "kind" : "remoteSourceControl",
      "location" : "https://github.com/tapp-so/Tapp-Networking-iOS.git",
      "state" : {
        "revision" : "32d09b4a31dc217bc7c0d9bdaabdebb9e31f41d0",
        "version" : "1.0.96"
      }
    }
  ],
  "version" : 2
}
