{
  "pins" : [
    {
      "identity" : "adjust_signature_sdk",
      "kind" : "remoteSourceControl",
      "location" : "https://github.com/adjust/adjust_signature_sdk.git",
      "state" : {
        "revision" : "a84f08b41f7e38624815816f6e93cadc9ea22a92",
        "version" : "3.47.0"
      }
    },
    {
      "identity" : "ios_sdk",
      "kind" : "remoteSourceControl",
      "location" : "https://github.com/adjust/ios_sdk.git",
      "state" : {
        "revision" : "c419718364e9f360c602a17a64b91c591f33fe6a",
        "version" : "5.0.1"
      }
    },
    {
      "identity" : "tapp-ios",
      "kind" : "remoteSourceControl",
      "location" : "https://github.com/tapp-so/Tapp-iOS.git",
      "state" : {
        "revision" : "62cce9d69b1c6bffd8dc93eee6c751ac65df8a8d",
        "version" : "1.0.91"
      }
    },
    {
      "identity" : "tapp-networking-ios",
      "kind" : "remoteSourceControl",
      "location" : "https://github.com/tapp-so/Tapp-Networking-iOS.git",
      "state" : {
        "revision" : "0ebae89d7951554288330a5e352da7b9aabf9ede",
        "version" : "1.0.87"
      }
    }
  ],
  "version" : 2
}
