{
  "pins" : [
    {
      "identity" : "adjust_signature_sdk",
      "kind" : "remoteSourceControl",
      "location" : "https://github.com/adjust/adjust_signature_sdk.git",
      "state" : {
        "revision" : "a84f08b41f7e38624815816f6e93cadc9ea22a92",
        "version" : "3.47.0"
      }
    },
    {
      "identity" : "ios_sdk",
      "kind" : "remoteSourceControl",
      "location" : "https://github.com/adjust/ios_sdk.git",
      "state" : {
        "revision" : "c419718364e9f360c602a17a64b91c591f33fe6a",
        "version" : "5.0.1"
      }
    },
    {
      "identity" : "tapp-ios",
      "kind" : "remoteSourceControl",
      "location" : "https://github.com/tapp-so/Tapp-iOS.git",
      "state" : {
        "revision" : "3c9f3f7e2bfd428ca008a3fa9910c7897beb783a",
        "version" : "1.1.13"
      }
    },
    {
      "identity" : "tapp-networking-ios",
      "kind" : "remoteSourceControl",
      "location" : "https://github.com/tapp-so/Tapp-Networking-iOS.git",
      "state" : {
        "revision" : "02ca3f255428714c6d925c9591ec2ac056fb8ac5",
        "version" : "1.0.97"
      }
    }
  ],
  "version" : 2
}
